
Microsoft Visual Studio Solution File, Format Version 12.00
# Visual Studio 15
VisualStudioVersion = 15.0.27130.2026
MinimumVisualStudioVersion = 10.0.40219.1
Project("{2150E333-8FDC-42A3-9474-1A3956D46DE8}") = "01- Presentacion", "01- Presentacion", "{021A7015-B9CE-4073-877F-1E184A41B5AB}"
EndProject
Project("{2150E333-8FDC-42A3-9474-1A3956D46DE8}") = "02- Services", "02- Services", "{706BA84B-E70F-43AD-89D2-AE9D3668DACF}"
EndProject
Project("{2150E333-8FDC-42A3-9474-1A3956D46DE8}") = "05-Shared", "05-Shared", "{B20857DB-5507-4354-A9E4-7FA8B12B97DB}"
EndProject
Project("{2150E333-8FDC-42A3-9474-1A3956D46DE8}") = "03-Domain", "03-Domain", "{FF2A4538-DDBC-4EB8-B638-0F73D1602A3C}"
EndProject
Project("{2150E333-8FDC-42A3-9474-1A3956D46DE8}") = "06-Infraestructure", "06-Infraestructure", "{B868DF10-C8DB-424D-9944-8044A684CD3B}"
EndProject
Project("{2150E333-8FDC-42A3-9474-1A3956D46DE8}") = "04-Application", "04-Application", "{C71D177A-6979-49CF-BDE4-D3E610E9A8DA}"
EndProject
Project("{2150E333-8FDC-42A3-9474-1A3956D46DE8}") = "07-CrossCutting", "07-CrossCutting", "{DEE1AF9E-B1EF-4519-9B52-9E50E003A561}"
EndProject
Project("{FAE04EC0-301F-11D3-BF4B-00C04F79EFBC}") = "Challenge.Api", "Challenge.Api\Challenge.Api.csproj", "{7A9C9F90-7CAA-4488-88A1-32EAF96E6270}"
EndProject
Project("{9A19103F-16F7-4668-BE54-9A1E7A4F7556}") = "Challenge.Web", "Challenge.Web\Challenge.Web.csproj", "{3E550FCC-971E-46A5-AEC5-0AC9E524F16D}"
EndProject
Project("{FAE04EC0-301F-11D3-BF4B-00C04F79EFBC}") = "Challenge.Services", "Challenge.Services\Challenge.Services.csproj", "{70E54C1F-0BC3-4960-8364-1DAF795FF72B}"
EndProject
Project("{FAE04EC0-301F-11D3-BF4B-00C04F79EFBC}") = "Challenge.ServicesAbstract", "Challenge.ServicesAbstract\Challenge.ServicesAbstract.csproj", "{AA13BA82-ED7C-483F-B65D-EC5ABA6364BF}"
EndProject
Project("{FAE04EC0-301F-11D3-BF4B-00C04F79EFBC}") = "Challenge.Domain", "Challenge.Domain\Challenge.Domain.csproj", "{082B65BA-8485-4B5E-A3A8-B976F6D7401B}"
EndProject
Project("{FAE04EC0-301F-11D3-BF4B-00C04F79EFBC}") = "Challenge.Domain.Core", "Challenge.Domain.Core\Challenge.Domain.Core.csproj", "{C84E61E9-697D-442A-B099-2209FD22C576}"
EndProject
Project("{FAE04EC0-301F-11D3-BF4B-00C04F79EFBC}") = "Challenge.DomainAbstract", "Challenge.DomainAbstract\Challenge.DomainAbstract.csproj", "{F1DCE2C9-13BA-4C15-BDAD-8A80FF4B092F}"
EndProject
Project("{FAE04EC0-301F-11D3-BF4B-00C04F79EFBC}") = "Challenge.Domain.Entities", "Challenge.Domain.Entities\Challenge.Domain.Entities.csproj", "{FE88A34F-AF7B-4241-89FA-ED3D99697A28}"
EndProject
Project("{FAE04EC0-301F-11D3-BF4B-00C04F79EFBC}") = "Challenge.Application", "Challenge.Application\Challenge.Application.csproj", "{1C784738-35DC-4F4D-BCDA-7E82E58089E3}"
EndProject
Project("{FAE04EC0-301F-11D3-BF4B-00C04F79EFBC}") = "Challenge.ApplicationEntities", "Challenge.ApplicationEntities\Challenge.ApplicationEntities.csproj", "{29D1666E-1532-48FA-81EF-25A695208962}"
EndProject
Project("{FAE04EC0-301F-11D3-BF4B-00C04F79EFBC}") = "Challenge.Shared.Models", "Challenge.Shared.Models\Challenge.Shared.Models.csproj", "{547042D5-E3C4-4D07-B44F-F3D7A2912A65}"
EndProject
Project("{FAE04EC0-301F-11D3-BF4B-00C04F79EFBC}") = "Challenge.Shared.Utils", "Challenge.Shared.Utils\Challenge.Shared.Utils.csproj", "{67896285-C679-4916-999D-950BD69E652B}"
EndProject
Project("{FAE04EC0-301F-11D3-BF4B-00C04F79EFBC}") = "Challenge.Infraestructure", "Challenge.Infraestructure\Challenge.Infraestructure.csproj", "{7E17DAA5-1272-443C-89EF-719B1DE0A187}"
EndProject
Project("{FAE04EC0-301F-11D3-BF4B-00C04F79EFBC}") = "Challenge.Infraestructure.Core", "Challenge.Infraestructure.Core\Challenge.Infraestructure.Core.csproj", "{82C059F3-C32C-45FD-A260-8F4583CCE36B}"
EndProject
Project("{FAE04EC0-301F-11D3-BF4B-00C04F79EFBC}") = "Challenge.InfraestructureAbstract", "Challenge.InfraestructureAbstract\Challenge.InfraestructureAbstract.csproj", "{EB2EAC8B-D74E-48DB-8E93-149C5224B3B5}"
EndProject
Project("{FAE04EC0-301F-11D3-BF4B-00C04F79EFBC}") = "Challenge.CrossCutting.IoC", "Challenge.CrossCutting.IoC\Challenge.CrossCutting.IoC.csproj", "{CEED9622-AAA1-43B0-AE2B-46ECD462487D}"
EndProject
Global
	GlobalSection(SolutionConfigurationPlatforms) = preSolution
		ANDROID|Any CPU = ANDROID|Any CPU
		Debug|Any CPU = Debug|Any CPU
		Release|Any CPU = Release|Any CPU
	EndGlobalSection
	GlobalSection(ProjectConfigurationPlatforms) = postSolution
		{7A9C9F90-7CAA-4488-88A1-32EAF96E6270}.ANDROID|Any CPU.ActiveCfg = Release|Any CPU
		{7A9C9F90-7CAA-4488-88A1-32EAF96E6270}.ANDROID|Any CPU.Build.0 = Release|Any CPU
		{7A9C9F90-7CAA-4488-88A1-32EAF96E6270}.Debug|Any CPU.ActiveCfg = Debug|Any CPU
		{7A9C9F90-7CAA-4488-88A1-32EAF96E6270}.Debug|Any CPU.Build.0 = Debug|Any CPU
		{7A9C9F90-7CAA-4488-88A1-32EAF96E6270}.Release|Any CPU.ActiveCfg = Release|Any CPU
		{7A9C9F90-7CAA-4488-88A1-32EAF96E6270}.Release|Any CPU.Build.0 = Release|Any CPU
		{3E550FCC-971E-46A5-AEC5-0AC9E524F16D}.ANDROID|Any CPU.ActiveCfg = Debug|Any CPU
		{3E550FCC-971E-46A5-AEC5-0AC9E524F16D}.ANDROID|Any CPU.Build.0 = Debug|Any CPU
		{3E550FCC-971E-46A5-AEC5-0AC9E524F16D}.Debug|Any CPU.ActiveCfg = Debug|Any CPU
		{3E550FCC-971E-46A5-AEC5-0AC9E524F16D}.Debug|Any CPU.Build.0 = Debug|Any CPU
		{3E550FCC-971E-46A5-AEC5-0AC9E524F16D}.Release|Any CPU.ActiveCfg = Release|Any CPU
		{3E550FCC-971E-46A5-AEC5-0AC9E524F16D}.Release|Any CPU.Build.0 = Release|Any CPU
		{70E54C1F-0BC3-4960-8364-1DAF795FF72B}.ANDROID|Any CPU.ActiveCfg = Release|Any CPU
		{70E54C1F-0BC3-4960-8364-1DAF795FF72B}.ANDROID|Any CPU.Build.0 = Release|Any CPU
		{70E54C1F-0BC3-4960-8364-1DAF795FF72B}.Debug|Any CPU.ActiveCfg = Debug|Any CPU
		{70E54C1F-0BC3-4960-8364-1DAF795FF72B}.Debug|Any CPU.Build.0 = Debug|Any CPU
		{70E54C1F-0BC3-4960-8364-1DAF795FF72B}.Release|Any CPU.ActiveCfg = Release|Any CPU
		{70E54C1F-0BC3-4960-8364-1DAF795FF72B}.Release|Any CPU.Build.0 = Release|Any CPU
		{AA13BA82-ED7C-483F-B65D-EC5ABA6364BF}.ANDROID|Any CPU.ActiveCfg = Release|Any CPU
		{AA13BA82-ED7C-483F-B65D-EC5ABA6364BF}.ANDROID|Any CPU.Build.0 = Release|Any CPU
		{AA13BA82-ED7C-483F-B65D-EC5ABA6364BF}.Debug|Any CPU.ActiveCfg = Debug|Any CPU
		{AA13BA82-ED7C-483F-B65D-EC5ABA6364BF}.Debug|Any CPU.Build.0 = Debug|Any CPU
		{AA13BA82-ED7C-483F-B65D-EC5ABA6364BF}.Release|Any CPU.ActiveCfg = Release|Any CPU
		{AA13BA82-ED7C-483F-B65D-EC5ABA6364BF}.Release|Any CPU.Build.0 = Release|Any CPU
		{082B65BA-8485-4B5E-A3A8-B976F6D7401B}.ANDROID|Any CPU.ActiveCfg = Release|Any CPU
		{082B65BA-8485-4B5E-A3A8-B976F6D7401B}.ANDROID|Any CPU.Build.0 = Release|Any CPU
		{082B65BA-8485-4B5E-A3A8-B976F6D7401B}.Debug|Any CPU.ActiveCfg = Debug|Any CPU
		{082B65BA-8485-4B5E-A3A8-B976F6D7401B}.Debug|Any CPU.Build.0 = Debug|Any CPU
		{082B65BA-8485-4B5E-A3A8-B976F6D7401B}.Release|Any CPU.ActiveCfg = Release|Any CPU
		{082B65BA-8485-4B5E-A3A8-B976F6D7401B}.Release|Any CPU.Build.0 = Release|Any CPU
		{C84E61E9-697D-442A-B099-2209FD22C576}.ANDROID|Any CPU.ActiveCfg = Release|Any CPU
		{C84E61E9-697D-442A-B099-2209FD22C576}.ANDROID|Any CPU.Build.0 = Release|Any CPU
		{C84E61E9-697D-442A-B099-2209FD22C576}.Debug|Any CPU.ActiveCfg = Debug|Any CPU
		{C84E61E9-697D-442A-B099-2209FD22C576}.Debug|Any CPU.Build.0 = Debug|Any CPU
		{C84E61E9-697D-442A-B099-2209FD22C576}.Release|Any CPU.ActiveCfg = Release|Any CPU
		{C84E61E9-697D-442A-B099-2209FD22C576}.Release|Any CPU.Build.0 = Release|Any CPU
		{F1DCE2C9-13BA-4C15-BDAD-8A80FF4B092F}.ANDROID|Any CPU.ActiveCfg = Release|Any CPU
		{F1DCE2C9-13BA-4C15-BDAD-8A80FF4B092F}.ANDROID|Any CPU.Build.0 = Release|Any CPU
		{F1DCE2C9-13BA-4C15-BDAD-8A80FF4B092F}.Debug|Any CPU.ActiveCfg = Debug|Any CPU
		{F1DCE2C9-13BA-4C15-BDAD-8A80FF4B092F}.Debug|Any CPU.Build.0 = Debug|Any CPU
		{F1DCE2C9-13BA-4C15-BDAD-8A80FF4B092F}.Release|Any CPU.ActiveCfg = Release|Any CPU
		{F1DCE2C9-13BA-4C15-BDAD-8A80FF4B092F}.Release|Any CPU.Build.0 = Release|Any CPU
		{FE88A34F-AF7B-4241-89FA-ED3D99697A28}.ANDROID|Any CPU.ActiveCfg = Release|Any CPU
		{FE88A34F-AF7B-4241-89FA-ED3D99697A28}.ANDROID|Any CPU.Build.0 = Release|Any CPU
		{FE88A34F-AF7B-4241-89FA-ED3D99697A28}.Debug|Any CPU.ActiveCfg = Debug|Any CPU
		{FE88A34F-AF7B-4241-89FA-ED3D99697A28}.Debug|Any CPU.Build.0 = Debug|Any CPU
		{FE88A34F-AF7B-4241-89FA-ED3D99697A28}.Release|Any CPU.ActiveCfg = Release|Any CPU
		{FE88A34F-AF7B-4241-89FA-ED3D99697A28}.Release|Any CPU.Build.0 = Release|Any CPU
		{1C784738-35DC-4F4D-BCDA-7E82E58089E3}.ANDROID|Any CPU.ActiveCfg = Release|Any CPU
		{1C784738-35DC-4F4D-BCDA-7E82E58089E3}.ANDROID|Any CPU.Build.0 = Release|Any CPU
		{1C784738-35DC-4F4D-BCDA-7E82E58089E3}.Debug|Any CPU.ActiveCfg = Debug|Any CPU
		{1C784738-35DC-4F4D-BCDA-7E82E58089E3}.Debug|Any CPU.Build.0 = Debug|Any CPU
		{1C784738-35DC-4F4D-BCDA-7E82E58089E3}.Release|Any CPU.ActiveCfg = Release|Any CPU
		{1C784738-35DC-4F4D-BCDA-7E82E58089E3}.Release|Any CPU.Build.0 = Release|Any CPU
		{29D1666E-1532-48FA-81EF-25A695208962}.ANDROID|Any CPU.ActiveCfg = Release|Any CPU
		{29D1666E-1532-48FA-81EF-25A695208962}.ANDROID|Any CPU.Build.0 = Release|Any CPU
		{29D1666E-1532-48FA-81EF-25A695208962}.Debug|Any CPU.ActiveCfg = Debug|Any CPU
		{29D1666E-1532-48FA-81EF-25A695208962}.Debug|Any CPU.Build.0 = Debug|Any CPU
		{29D1666E-1532-48FA-81EF-25A695208962}.Release|Any CPU.ActiveCfg = Release|Any CPU
		{29D1666E-1532-48FA-81EF-25A695208962}.Release|Any CPU.Build.0 = Release|Any CPU
		{547042D5-E3C4-4D07-B44F-F3D7A2912A65}.ANDROID|Any CPU.ActiveCfg = Release|Any CPU
		{547042D5-E3C4-4D07-B44F-F3D7A2912A65}.ANDROID|Any CPU.Build.0 = Release|Any CPU
		{547042D5-E3C4-4D07-B44F-F3D7A2912A65}.Debug|Any CPU.ActiveCfg = Debug|Any CPU
		{547042D5-E3C4-4D07-B44F-F3D7A2912A65}.Debug|Any CPU.Build.0 = Debug|Any CPU
		{547042D5-E3C4-4D07-B44F-F3D7A2912A65}.Release|Any CPU.ActiveCfg = Release|Any CPU
		{547042D5-E3C4-4D07-B44F-F3D7A2912A65}.Release|Any CPU.Build.0 = Release|Any CPU
		{67896285-C679-4916-999D-950BD69E652B}.ANDROID|Any CPU.ActiveCfg = Release|Any CPU
		{67896285-C679-4916-999D-950BD69E652B}.ANDROID|Any CPU.Build.0 = Release|Any CPU
		{67896285-C679-4916-999D-950BD69E652B}.Debug|Any CPU.ActiveCfg = Debug|Any CPU
		{67896285-C679-4916-999D-950BD69E652B}.Debug|Any CPU.Build.0 = Debug|Any CPU
		{67896285-C679-4916-999D-950BD69E652B}.Release|Any CPU.ActiveCfg = Release|Any CPU
		{67896285-C679-4916-999D-950BD69E652B}.Release|Any CPU.Build.0 = Release|Any CPU
		{7E17DAA5-1272-443C-89EF-719B1DE0A187}.ANDROID|Any CPU.ActiveCfg = Release|Any CPU
		{7E17DAA5-1272-443C-89EF-719B1DE0A187}.ANDROID|Any CPU.Build.0 = Release|Any CPU
		{7E17DAA5-1272-443C-89EF-719B1DE0A187}.Debug|Any CPU.ActiveCfg = Debug|Any CPU
		{7E17DAA5-1272-443C-89EF-719B1DE0A187}.Debug|Any CPU.Build.0 = Debug|Any CPU
		{7E17DAA5-1272-443C-89EF-719B1DE0A187}.Release|Any CPU.ActiveCfg = Release|Any CPU
		{7E17DAA5-1272-443C-89EF-719B1DE0A187}.Release|Any CPU.Build.0 = Release|Any CPU
		{82C059F3-C32C-45FD-A260-8F4583CCE36B}.ANDROID|Any CPU.ActiveCfg = Release|Any CPU
		{82C059F3-C32C-45FD-A260-8F4583CCE36B}.ANDROID|Any CPU.Build.0 = Release|Any CPU
		{82C059F3-C32C-45FD-A260-8F4583CCE36B}.Debug|Any CPU.ActiveCfg = Debug|Any CPU
		{82C059F3-C32C-45FD-A260-8F4583CCE36B}.Debug|Any CPU.Build.0 = Debug|Any CPU
		{82C059F3-C32C-45FD-A260-8F4583CCE36B}.Release|Any CPU.ActiveCfg = Release|Any CPU
		{82C059F3-C32C-45FD-A260-8F4583CCE36B}.Release|Any CPU.Build.0 = Release|Any CPU
		{EB2EAC8B-D74E-48DB-8E93-149C5224B3B5}.ANDROID|Any CPU.ActiveCfg = Release|Any CPU
		{EB2EAC8B-D74E-48DB-8E93-149C5224B3B5}.ANDROID|Any CPU.Build.0 = Release|Any CPU
		{EB2EAC8B-D74E-48DB-8E93-149C5224B3B5}.Debug|Any CPU.ActiveCfg = Debug|Any CPU
		{EB2EAC8B-D74E-48DB-8E93-149C5224B3B5}.Debug|Any CPU.Build.0 = Debug|Any CPU
		{EB2EAC8B-D74E-48DB-8E93-149C5224B3B5}.Release|Any CPU.ActiveCfg = Release|Any CPU
		{EB2EAC8B-D74E-48DB-8E93-149C5224B3B5}.Release|Any CPU.Build.0 = Release|Any CPU
		{CEED9622-AAA1-43B0-AE2B-46ECD462487D}.ANDROID|Any CPU.ActiveCfg = Release|Any CPU
		{CEED9622-AAA1-43B0-AE2B-46ECD462487D}.ANDROID|Any CPU.Build.0 = Release|Any CPU
		{CEED9622-AAA1-43B0-AE2B-46ECD462487D}.Debug|Any CPU.ActiveCfg = Debug|Any CPU
		{CEED9622-AAA1-43B0-AE2B-46ECD462487D}.Debug|Any CPU.Build.0 = Debug|Any CPU
		{CEED9622-AAA1-43B0-AE2B-46ECD462487D}.Release|Any CPU.ActiveCfg = Release|Any CPU
		{CEED9622-AAA1-43B0-AE2B-46ECD462487D}.Release|Any CPU.Build.0 = Release|Any CPU
	EndGlobalSection
	GlobalSection(SolutionProperties) = preSolution
		HideSolutionNode = FALSE
	EndGlobalSection
	GlobalSection(NestedProjects) = preSolution
		{7A9C9F90-7CAA-4488-88A1-32EAF96E6270} = {021A7015-B9CE-4073-877F-1E184A41B5AB}
		{3E550FCC-971E-46A5-AEC5-0AC9E524F16D} = {021A7015-B9CE-4073-877F-1E184A41B5AB}
		{70E54C1F-0BC3-4960-8364-1DAF795FF72B} = {706BA84B-E70F-43AD-89D2-AE9D3668DACF}
		{AA13BA82-ED7C-483F-B65D-EC5ABA6364BF} = {706BA84B-E70F-43AD-89D2-AE9D3668DACF}
		{082B65BA-8485-4B5E-A3A8-B976F6D7401B} = {FF2A4538-DDBC-4EB8-B638-0F73D1602A3C}
		{C84E61E9-697D-442A-B099-2209FD22C576} = {FF2A4538-DDBC-4EB8-B638-0F73D1602A3C}
		{F1DCE2C9-13BA-4C15-BDAD-8A80FF4B092F} = {FF2A4538-DDBC-4EB8-B638-0F73D1602A3C}
		{FE88A34F-AF7B-4241-89FA-ED3D99697A28} = {FF2A4538-DDBC-4EB8-B638-0F73D1602A3C}
		{1C784738-35DC-4F4D-BCDA-7E82E58089E3} = {C71D177A-6979-49CF-BDE4-D3E610E9A8DA}
		{29D1666E-1532-48FA-81EF-25A695208962} = {C71D177A-6979-49CF-BDE4-D3E610E9A8DA}
		{547042D5-E3C4-4D07-B44F-F3D7A2912A65} = {B20857DB-5507-4354-A9E4-7FA8B12B97DB}
		{67896285-C679-4916-999D-950BD69E652B} = {B20857DB-5507-4354-A9E4-7FA8B12B97DB}
		{7E17DAA5-1272-443C-89EF-719B1DE0A187} = {B868DF10-C8DB-424D-9944-8044A684CD3B}
		{82C059F3-C32C-45FD-A260-8F4583CCE36B} = {B868DF10-C8DB-424D-9944-8044A684CD3B}
		{EB2EAC8B-D74E-48DB-8E93-149C5224B3B5} = {B868DF10-C8DB-424D-9944-8044A684CD3B}
		{CEED9622-AAA1-43B0-AE2B-46ECD462487D} = {DEE1AF9E-B1EF-4519-9B52-9E50E003A561}
	EndGlobalSection
	GlobalSection(ExtensibilityGlobals) = postSolution
		SolutionGuid = {49BB9D35-2F9A-4E7A-84A7-8755F8808C3E}
	EndGlobalSection
EndGlobal
